// !$*UTF8*$!
{
	archiveVersion = 1;
	classes = {
	};
	objectVersion = 46;
	objects = {

/* Begin PBXBuildFile section */
		6B0F467A1EE10F9E00D820DA /* AppDelegate.swift in Sources */ = {isa = PBXBuildFile; fileRef = 6B0F46791EE10F9E00D820DA /* AppDelegate.swift */; };
		6B0F467F1EE10F9E00D820DA /* Main.storyboard in Resources */ = {isa = PBXBuildFile; fileRef = 6B0F467D1EE10F9E00D820DA /* Main.storyboard */; };
		6B0F46821EE10F9E00D820DA /* App.xcdatamodeld in Sources */ = {isa = PBXBuildFile; fileRef = 6B0F46801EE10F9E00D820DA /* App.xcdatamodeld */; };
		6B0F46841EE10F9E00D820DA /* Assets.xcassets in Resources */ = {isa = PBXBuildFile; fileRef = 6B0F46831EE10F9E00D820DA /* Assets.xcassets */; };
		6B0F46871EE10F9E00D820DA /* LaunchScreen.storyboard in Resources */ = {isa = PBXBuildFile; fileRef = 6B0F46851EE10F9E00D820DA /* LaunchScreen.storyboard */; };
		6B0F468F1EE1101B00D820DA /* RestaurantTableViewController.swift in Sources */ = {isa = PBXBuildFile; fileRef = 6B0F468E1EE1101B00D820DA /* RestaurantTableViewController.swift */; };
		6B0F46911EE114AC00D820DA /* RestaurantTableViewCell.swift in Sources */ = {isa = PBXBuildFile; fileRef = 6B0F46901EE114AC00D820DA /* RestaurantTableViewCell.swift */; };
		6B1FCFF41EE1B5890071688B /* ReviewViewController.swift in Sources */ = {isa = PBXBuildFile; fileRef = 6B1FCFF31EE1B5890071688B /* ReviewViewController.swift */; };
		6B1FCFF71EE29B300071688B /* MapKit.framework in Frameworks */ = {isa = PBXBuildFile; fileRef = 6B1FCFF61EE29B300071688B /* MapKit.framework */; };
		6B2A31651EE1690600A8AFDE /* RestaurantDetailViewController.swift in Sources */ = {isa = PBXBuildFile; fileRef = 6B2A31641EE1690600A8AFDE /* RestaurantDetailViewController.swift */; };
		6B2A31671EE16CA300A8AFDE /* Restaurant.swift in Sources */ = {isa = PBXBuildFile; fileRef = 6B2A31661EE16CA300A8AFDE /* Restaurant.swift */; };
		6B2A31691EE1730D00A8AFDE /* RestaurantDetailTableViewCell.swift in Sources */ = {isa = PBXBuildFile; fileRef = 6B2A31681EE1730D00A8AFDE /* RestaurantDetailTableViewCell.swift */; };
		6B6C6A431EE2A5AA00386CFE /* MapViewController.swift in Sources */ = {isa = PBXBuildFile; fileRef = 6B6C6A421EE2A5AA00386CFE /* MapViewController.swift */; };
		6B6C6A451EE3E38700386CFE /* AddRestaurantController.swift in Sources */ = {isa = PBXBuildFile; fileRef = 6B6C6A441EE3E38700386CFE /* AddRestaurantController.swift */; };
		6B6C6A481EE6867800386CFE /* Foodpin.xcdatamodeld in Sources */ = {isa = PBXBuildFile; fileRef = 6B6C6A461EE6867800386CFE /* Foodpin.xcdatamodeld */; };
/* End PBXBuildFile section */

/* Begin PBXFileReference section */
		6B0F46761EE10F9E00D820DA /* App.app */ = {isa = PBXFileReference; explicitFileType = wrapper.application; includeInIndex = 0; path = App.app; sourceTree = BUILT_PRODUCTS_DIR; };
		6B0F46791EE10F9E00D820DA /* AppDelegate.swift */ = {isa = PBXFileReference; lastKnownFileType = sourcecode.swift; path = AppDelegate.swift; sourceTree = "<group>"; };
		6B0F467E1EE10F9E00D820DA /* Base */ = {isa = PBXFileReference; lastKnownFileType = file.storyboard; name = Base; path = Base.lproj/Main.storyboard; sourceTree = "<group>"; };
		6B0F46811EE10F9E00D820DA /* App.xcdatamodel */ = {isa = PBXFileReference; lastKnownFileType = wrapper.xcdatamodel; path = App.xcdatamodel; sourceTree = "<group>"; };
		6B0F46831EE10F9E00D820DA /* Assets.xcassets */ = {isa = PBXFileReference; lastKnownFileType = folder.assetcatalog; path = Assets.xcassets; sourceTree = "<group>"; };
		6B0F46861EE10F9E00D820DA /* Base */ = {isa = PBXFileReference; lastKnownFileType = file.storyboard; name = Base; path = Base.lproj/LaunchScreen.storyboard; sourceTree = "<group>"; };
		6B0F46881EE10F9E00D820DA /* Info.plist */ = {isa = PBXFileReference; lastKnownFileType = text.plist.xml; path = Info.plist; sourceTree = "<group>"; };
		6B0F468E1EE1101B00D820DA /* RestaurantTableViewController.swift */ = {isa = PBXFileReference; fileEncoding = 4; lastKnownFileType = sourcecode.swift; path = RestaurantTableViewController.swift; sourceTree = "<group>"; };
		6B0F46901EE114AC00D820DA /* RestaurantTableViewCell.swift */ = {isa = PBXFileReference; fileEncoding = 4; lastKnownFileType = sourcecode.swift; path = RestaurantTableViewCell.swift; sourceTree = "<group>"; };
		6B1FCFF31EE1B5890071688B /* ReviewViewController.swift */ = {isa = PBXFileReference; fileEncoding = 4; lastKnownFileType = sourcecode.swift; path = ReviewViewController.swift; sourceTree = "<group>"; };
		6B1FCFF61EE29B300071688B /* MapKit.framework */ = {isa = PBXFileReference; lastKnownFileType = wrapper.framework; name = MapKit.framework; path = System/Library/Frameworks/MapKit.framework; sourceTree = SDKROOT; };
		6B2A31641EE1690600A8AFDE /* RestaurantDetailViewController.swift */ = {isa = PBXFileReference; fileEncoding = 4; lastKnownFileType = sourcecode.swift; path = RestaurantDetailViewController.swift; sourceTree = "<group>"; };
		6B2A31661EE16CA300A8AFDE /* Restaurant.swift */ = {isa = PBXFileReference; fileEncoding = 4; lastKnownFileType = sourcecode.swift; path = Restaurant.swift; sourceTree = "<group>"; };
		6B2A31681EE1730D00A8AFDE /* RestaurantDetailTableViewCell.swift */ = {isa = PBXFileReference; fileEncoding = 4; lastKnownFileType = sourcecode.swift; path = RestaurantDetailTableViewCell.swift; sourceTree = "<group>"; };
		6B6C6A421EE2A5AA00386CFE /* MapViewController.swift */ = {isa = PBXFileReference; fileEncoding = 4; lastKnownFileType = sourcecode.swift; path = MapViewController.swift; sourceTree = "<group>"; };
		6B6C6A441EE3E38700386CFE /* AddRestaurantController.swift */ = {isa = PBXFileReference; fileEncoding = 4; lastKnownFileType = sourcecode.swift; path = AddRestaurantController.swift; sourceTree = "<group>"; };
		6B6C6A471EE6867800386CFE /* Foodpin.xcdatamodel */ = {isa = PBXFileReference; lastKnownFileType = wrapper.xcdatamodel; path = Foodpin.xcdatamodel; sourceTree = "<group>"; };
/* End PBXFileReference section */

/* Begin PBXFrameworksBuildPhase section */
		6B0F46731EE10F9E00D820DA /* Frameworks */ = {
			isa = PBXFrameworksBuildPhase;
			buildActionMask = 2147483647;
			files = (
				6B1FCFF71EE29B300071688B /* MapKit.framework in Frameworks */,
			);
			runOnlyForDeploymentPostprocessing = 0;
		};
/* End PBXFrameworksBuildPhase section */

/* Begin PBXGroup section */
		6B0F466D1EE10F9E00D820DA = {
			isa = PBXGroup;
			children = (
				6B0F46781EE10F9E00D820DA /* App */,
				6B0F46771EE10F9E00D820DA /* Products */,
				6B1FCFF51EE29B300071688B /* Frameworks */,
			);
			sourceTree = "<group>";
		};
		6B0F46771EE10F9E00D820DA /* Products */ = {
			isa = PBXGroup;
			children = (
				6B0F46761EE10F9E00D820DA /* App.app */,
			);
			name = Products;
			sourceTree = "<group>";
		};
		6B0F46781EE10F9E00D820DA /* App */ = {
			isa = PBXGroup;
			children = (
				6B0F46791EE10F9E00D820DA /* AppDelegate.swift */,
				6B0F467D1EE10F9E00D820DA /* Main.storyboard */,
				6B0F46831EE10F9E00D820DA /* Assets.xcassets */,
				6B0F46851EE10F9E00D820DA /* LaunchScreen.storyboard */,
				6B0F46881EE10F9E00D820DA /* Info.plist */,
				6B0F46801EE10F9E00D820DA /* App.xcdatamodeld */,
				6B0F468E1EE1101B00D820DA /* RestaurantTableViewController.swift */,
				6B0F46901EE114AC00D820DA /* RestaurantTableViewCell.swift */,
				6B2A31641EE1690600A8AFDE /* RestaurantDetailViewController.swift */,
				6B2A31661EE16CA300A8AFDE /* Restaurant.swift */,
				6B2A31681EE1730D00A8AFDE /* RestaurantDetailTableViewCell.swift */,
				6B1FCFF31EE1B5890071688B /* ReviewViewController.swift */,
				6B6C6A421EE2A5AA00386CFE /* MapViewController.swift */,
				6B6C6A441EE3E38700386CFE /* AddRestaurantController.swift */,
				6B6C6A461EE6867800386CFE /* Foodpin.xcdatamodeld */,
			);
			path = App;
			sourceTree = "<group>";
		};
		6B1FCFF51EE29B300071688B /* Frameworks */ = {
			isa = PBXGroup;
			children = (
				6B1FCFF61EE29B300071688B /* MapKit.framework */,
			);
			name = Frameworks;
			sourceTree = "<group>";
		};
/* End PBXGroup section */

/* Begin PBXNativeTarget section */
		6B0F46751EE10F9E00D820DA /* App */ = {
			isa = PBXNativeTarget;
			buildConfigurationList = 6B0F468B1EE10F9E00D820DA /* Build configuration list for PBXNativeTarget "App" */;
			buildPhases = (
				6B0F46721EE10F9E00D820DA /* Sources */,
				6B0F46731EE10F9E00D820DA /* Frameworks */,
				6B0F46741EE10F9E00D820DA /* Resources */,
			);
			buildRules = (
			);
			dependencies = (
			);
			name = App;
			productName = App;
			productReference = 6B0F46761EE10F9E00D820DA /* App.app */;
			productType = "com.apple.product-type.application";
		};
/* End PBXNativeTarget section */

/* Begin PBXProject section */
		6B0F466E1EE10F9E00D820DA /* Project object */ = {
			isa = PBXProject;
			attributes = {
				LastSwiftUpdateCheck = 0820;
				LastUpgradeCheck = 0820;
				ORGANIZATIONNAME = appcoda;
				TargetAttributes = {
					6B0F46751EE10F9E00D820DA = {
						CreatedOnToolsVersion = 8.2.1;
						ProvisioningStyle = Automatic;
						SystemCapabilities = {
							com.apple.Maps.iOS = {
								enabled = 1;
							};
						};
					};
				};
			};
			buildConfigurationList = 6B0F46711EE10F9E00D820DA /* Build configuration list for PBXProject "App" */;
			compatibilityVersion = "Xcode 3.2";
			developmentRegion = English;
			hasScannedForEncodings = 0;
			knownRegions = (
				en,
				Base,
			);
			mainGroup = 6B0F466D1EE10F9E00D820DA;
			productRefGroup = 6B0F46771EE10F9E00D820DA /* Products */;
			projectDirPath = "";
			projectRoot = "";
			targets = (
				6B0F46751EE10F9E00D820DA /* App */,
			);
		};
/* End PBXProject section */

/* Begin PBXResourcesBuildPhase section */
		6B0F46741EE10F9E00D820DA /* Resources */ = {
			isa = PBXResourcesBuildPhase;
			buildActionMask = 2147483647;
			files = (
				6B0F46871EE10F9E00D820DA /* LaunchScreen.storyboard in Resources */,
				6B0F46841EE10F9E00D820DA /* Assets.xcassets in Resources */,
				6B0F467F1EE10F9E00D820DA /* Main.storyboard in Resources */,
			);
			runOnlyForDeploymentPostprocessing = 0;
		};
/* End PBXResourcesBuildPhase section */

/* Begin PBXSourcesBuildPhase section */
		6B0F46721EE10F9E00D820DA /* Sources */ = {
			isa = PBXSourcesBuildPhase;
			buildActionMask = 2147483647;
			files = (
				6B0F46911EE114AC00D820DA /* RestaurantTableViewCell.swift in Sources */,
				6B0F46821EE10F9E00D820DA /* App.xcdatamodeld in Sources */,
				6B2A31671EE16CA300A8AFDE /* Restaurant.swift in Sources */,
				6B2A31651EE1690600A8AFDE /* RestaurantDetailViewController.swift in Sources */,
				6B6C6A451EE3E38700386CFE /* AddRestaurantController.swift in Sources */,
				6B6C6A431EE2A5AA00386CFE /* MapViewController.swift in Sources */,
				6B0F467A1EE10F9E00D820DA /* AppDelegate.swift in Sources */,
				6B0F468F1EE1101B00D820DA /* RestaurantTableViewController.swift in Sources */,
				6B1FCFF41EE1B5890071688B /* ReviewViewController.swift in Sources */,
				6B6C6A481EE6867800386CFE /* Foodpin.xcdatamodeld in Sources */,
				6B2A31691EE1730D00A8AFDE /* RestaurantDetailTableViewCell.swift in Sources */,
			);
			runOnlyForDeploymentPostprocessing = 0;
		};
/* End PBXSourcesBuildPhase section */

/* Begin PBXVariantGroup section */
		6B0F467D1EE10F9E00D820DA /* Main.storyboard */ = {
			isa = PBXVariantGroup;
			children = (
				6B0F467E1EE10F9E00D820DA /* Base */,
			);
			name = Main.storyboard;
			sourceTree = "<group>";
		};
		6B0F46851EE10F9E00D820DA /* LaunchScreen.storyboard */ = {
			isa = PBXVariantGroup;
			children = (
				6B0F46861EE10F9E00D820DA /* Base */,
			);
			name = LaunchScreen.storyboard;
			sourceTree = "<group>";
		};
/* End PBXVariantGroup section */

/* Begin XCBuildConfiguration section */
		6B0F46891EE10F9E00D820DA /* Debug */ = {
			isa = XCBuildConfiguration;
			buildSettings = {
				ALWAYS_SEARCH_USER_PATHS = NO;
				CLANG_ANALYZER_NONNULL = YES;
				CLANG_CXX_LANGUAGE_STANDARD = "gnu++0x";
				CLANG_CXX_LIBRARY = "libc++";
				CLANG_ENABLE_MODULES = YES;
				CLANG_ENABLE_OBJC_ARC = YES;
				CLANG_WARN_BOOL_CONVERSION = YES;
				CLANG_WARN_CONSTANT_CONVERSION = YES;
				CLANG_WARN_DIRECT_OBJC_ISA_USAGE = YES_ERROR;
				CLANG_WARN_DOCUMENTATION_COMMENTS = YES;
				CLANG_WARN_EMPTY_BODY = YES;
				CLANG_WARN_ENUM_CONVERSION = YES;
				CLANG_WARN_INFINITE_RECURSION = YES;
				CLANG_WARN_INT_CONVERSION = YES;
				CLANG_WARN_OBJC_ROOT_CLASS = YES_ERROR;
				CLANG_WARN_SUSPICIOUS_MOVE = YES;
				CLANG_WARN_UNREACHABLE_CODE = YES;
				CLANG_WARN__DUPLICATE_METHOD_MATCH = YES;
				"CODE_SIGN_IDENTITY[sdk=iphoneos*]" = "iPhone Developer";
				COPY_PHASE_STRIP = NO;
				DEBUG_INFORMATION_FORMAT = dwarf;
				ENABLE_STRICT_OBJC_MSGSEND = YES;
				ENABLE_TESTABILITY = YES;
				GCC_C_LANGUAGE_STANDARD = gnu99;
				GCC_DYNAMIC_NO_PIC = NO;
				GCC_NO_COMMON_BLOCKS = YES;
				GCC_OPTIMIZATION_LEVEL = 0;
				GCC_PREPROCESSOR_DEFINITIONS = (
					"DEBUG=1",
					"$(inherited)",
				);
				GCC_WARN_64_TO_32_BIT_CONVERSION = YES;
				GCC_WARN_ABOUT_RETURN_TYPE = YES_ERROR;
				GCC_WARN_UNDECLARED_SELECTOR = YES;
				GCC_WARN_UNINITIALIZED_AUTOS = YES_AGGRESSIVE;
				GCC_WARN_UNUSED_FUNCTION = YES;
				GCC_WARN_UNUSED_VARIABLE = YES;
				IPHONEOS_DEPLOYMENT_TARGET = 10.2;
				MTL_ENABLE_DEBUG_INFO = YES;
				ONLY_ACTIVE_ARCH = YES;
				SDKROOT = iphoneos;
				SWIFT_ACTIVE_COMPILATION_CONDITIONS = DEBUG;
				SWIFT_OPTIMIZATION_LEVEL = "-Onone";
			};
			name = Debug;
		};
		6B0F468A1EE10F9E00D820DA /* Release */ = {
			isa = XCBuildConfiguration;
			buildSettings = {
				ALWAYS_SEARCH_USER_PATHS = NO;
				CLANG_ANALYZER_NONNULL = YES;
				CLANG_CXX_LANGUAGE_STANDARD = "gnu++0x";
				CLANG_CXX_LIBRARY = "libc++";
				CLANG_ENABLE_MODULES = YES;
				CLANG_ENABLE_OBJC_ARC = YES;
				CLANG_WARN_BOOL_CONVERSION = YES;
				CLANG_WARN_CONSTANT_CONVERSION = YES;
				CLANG_WARN_DIRECT_OBJC_ISA_USAGE = YES_ERROR;
				CLANG_WARN_DOCUMENTATION_COMMENTS = YES;
				CLANG_WARN_EMPTY_BODY = YES;
				CLANG_WARN_ENUM_CONVERSION = YES;
				CLANG_WARN_INFINITE_RECURSION = YES;
				CLANG_WARN_INT_CONVERSION = YES;
				CLANG_WARN_OBJC_ROOT_CLASS = YES_ERROR;
				CLANG_WARN_SUSPICIOUS_MOVE = YES;
				CLANG_WARN_UNREACHABLE_CODE = YES;
				CLANG_WARN__DUPLICATE_METHOD_MATCH = YES;
				"CODE_SIGN_IDENTITY[sdk=iphoneos*]" = "iPhone Developer";
				COPY_PHASE_STRIP = NO;
				DEBUG_INFORMATION_FORMAT = "dwarf-with-dsym";
				ENABLE_NS_ASSERTIONS = NO;
				ENABLE_STRICT_OBJC_MSGSEND = YES;
				GCC_C_LANGUAGE_STANDARD = gnu99;
				GCC_NO_COMMON_BLOCKS = YES;
				GCC_WARN_64_TO_32_BIT_CONVERSION = YES;
				GCC_WARN_ABOUT_RETURN_TYPE = YES_ERROR;
				GCC_WARN_UNDECLARED_SELECTOR = YES;
				GCC_WARN_UNINITIALIZED_AUTOS = YES_AGGRESSIVE;
				GCC_WARN_UNUSED_FUNCTION = YES;
				GCC_WARN_UNUSED_VARIABLE = YES;
				IPHONEOS_DEPLOYMENT_TARGET = 10.2;
				MTL_ENABLE_DEBUG_INFO = NO;
				SDKROOT = iphoneos;
				SWIFT_OPTIMIZATION_LEVEL = "-Owholemodule";
				VALIDATE_PRODUCT = YES;
			};
			name = Release;
		};
		6B0F468C1EE10F9E00D820DA /* Debug */ = {
			isa = XCBuildConfiguration;
			buildSettings = {
				ASSETCATALOG_COMPILER_APPICON_NAME = AppIcon;
				INFOPLIST_FILE = App/Info.plist;
				LD_RUNPATH_SEARCH_PATHS = "$(inherited) @executable_path/Frameworks";
				PRODUCT_BUNDLE_IDENTIFIER = com.appcoda.App;
				PRODUCT_NAME = "$(TARGET_NAME)";
				SWIFT_VERSION = 3.0;
			};
			name = Debug;
		};
		6B0F468D1EE10F9E00D820DA /* Release */ = {
			isa = XCBuildConfiguration;
			buildSettings = {
				ASSETCATALOG_COMPILER_APPICON_NAME = AppIcon;
				INFOPLIST_FILE = App/Info.plist;
				LD_RUNPATH_SEARCH_PATHS = "$(inherited) @executable_path/Frameworks";
				PRODUCT_BUNDLE_IDENTIFIER = com.appcoda.App;
				PRODUCT_NAME = "$(TARGET_NAME)";
				SWIFT_VERSION = 3.0;
			};
			name = Release;
		};
/* End XCBuildConfiguration section */

/* Begin XCConfigurationList section */
		6B0F46711EE10F9E00D820DA /* Build configuration list for PBXProject "App" */ = {
			isa = XCConfigurationList;
			buildConfigurations = (
				6B0F46891EE10F9E00D820DA /* Debug */,
				6B0F468A1EE10F9E00D820DA /* Release */,
			);
			defaultConfigurationIsVisible = 0;
			defaultConfigurationName = Release;
		};
		6B0F468B1EE10F9E00D820DA /* Build configuration list for PBXNativeTarget "App" */ = {
			isa = XCConfigurationList;
			buildConfigurations = (
				6B0F468C1EE10F9E00D820DA /* Debug */,
				6B0F468D1EE10F9E00D820DA /* Release */,
			);
			defaultConfigurationIsVisible = 0;
			defaultConfigurationName = Release;
		};
/* End XCConfigurationList section */

/* Begin XCVersionGroup section */
		6B0F46801EE10F9E00D820DA /* App.xcdatamodeld */ = {
			isa = XCVersionGroup;
			children = (
				6B0F46811EE10F9E00D820DA /* App.xcdatamodel */,
			);
			currentVersion = 6B0F46811EE10F9E00D820DA /* App.xcdatamodel */;
			path = App.xcdatamodeld;
			sourceTree = "<group>";
			versionGroupType = wrapper.xcdatamodel;
		};
		6B6C6A461EE6867800386CFE /* Foodpin.xcdatamodeld */ = {
			isa = XCVersionGroup;
			children = (
				6B6C6A471EE6867800386CFE /* Foodpin.xcdatamodel */,
			);
			currentVersion = 6B6C6A471EE6867800386CFE /* Foodpin.xcdatamodel */;
			path = Foodpin.xcdatamodeld;
			sourceTree = "<group>";
			versionGroupType = wrapper.xcdatamodel;
		};
/* End XCVersionGroup section */
	};
	rootObject = 6B0F466E1EE10F9E00D820DA /* Project object */;
}
